
Microsoft Visual Studio Solution File, Format Version 12.00
# Visual Studio 15
VisualStudioVersion = 15.0.27428.2011
MinimumVisualStudioVersion = 10.0.40219.1
Project("{FAE04EC0-301F-11D3-BF4B-00C04F79EFBC}") = "BotApplication", "BotApplication\BotApplication.csproj", "{2FA0C6D1-3340-44BD-B5B7-BA1D44E43151}"
EndProject
Global
	GlobalSection(SolutionConfigurationPlatforms) = preSolution
		Debug|Any CPU = Debug|Any CPU
		Release|Any CPU = Release|Any CPU
	EndGlobalSection
	GlobalSection(ProjectConfigurationPlatforms) = postSolution
		{2FA0C6D1-3340-44BD-B5B7-BA1D44E43151}.Debug|Any CPU.ActiveCfg = Debug|Any CPU
		{2FA0C6D1-3340-44BD-B5B7-BA1D44E43151}.Debug|Any CPU.Build.0 = Debug|Any CPU
		{2FA0C6D1-3340-44BD-B5B7-BA1D44E43151}.Release|Any CPU.ActiveCfg = Release|Any CPU
		{2FA0C6D1-3340-44BD-B5B7-BA1D44E43151}.Release|Any CPU.Build.0 = Release|Any CPU
	EndGlobalSection
	GlobalSection(SolutionProperties) = preSolution
		HideSolutionNode = FALSE
	EndGlobalSection
	GlobalSection(ExtensibilityGlobals) = postSolution
		SolutionGuid = {ECDAA1A2-29A8-4A55-9C3C-5CD0C93BE1ED}
	EndGlobalSection
EndGlobal
